// !$*UTF8*$!
{
	archiveVersion = 1;
	classes = {
	};
	objectVersion = 50;
	objects = {

/* Begin PBXBuildFile section */
		A5B692B0231D558F00BF4D45 /* AppDelegate.swift in Sources */ = {isa = PBXBuildFile; fileRef = A5B692AF231D558F00BF4D45 /* AppDelegate.swift */; };
		A5B692B2231D558F00BF4D45 /* RestaurantsListViewController.swift in Sources */ = {isa = PBXBuildFile; fileRef = A5B692B1231D558F00BF4D45 /* RestaurantsListViewController.swift */; };
		A5B692B5231D558F00BF4D45 /* Main.storyboard in Resources */ = {isa = PBXBuildFile; fileRef = A5B692B3231D558F00BF4D45 /* Main.storyboard */; };
		A5B692B7231D559200BF4D45 /* Assets.xcassets in Resources */ = {isa = PBXBuildFile; fileRef = A5B692B6231D559200BF4D45 /* Assets.xcassets */; };
		A5B692BA231D559200BF4D45 /* LaunchScreen.storyboard in Resources */ = {isa = PBXBuildFile; fileRef = A5B692B8231D559200BF4D45 /* LaunchScreen.storyboard */; };
		A5B692C9231D5A8C00BF4D45 /* RestaurantCellView.xib in Resources */ = {isa = PBXBuildFile; fileRef = A5B692C8231D5A8C00BF4D45 /* RestaurantCellView.xib */; };
		A5B692CB231D5CE500BF4D45 /* RestaurantCellView.swift in Sources */ = {isa = PBXBuildFile; fileRef = A5B692CA231D5CE500BF4D45 /* RestaurantCellView.swift */; };
		A5B692CD231D6C9500BF4D45 /* RestaurantModel.swift in Sources */ = {isa = PBXBuildFile; fileRef = A5B692CC231D6C9500BF4D45 /* RestaurantModel.swift */; };
		A5B692CF231D6CAD00BF4D45 /* Default-568h@2x.png in Resources */ = {isa = PBXBuildFile; fileRef = A5B692CE231D6CAD00BF4D45 /* Default-568h@2x.png */; };
		A5B692D1231D939E00BF4D45 /* FailableDecodable.swift in Sources */ = {isa = PBXBuildFile; fileRef = A5B692D0231D939E00BF4D45 /* FailableDecodable.swift */; };
		A5B692D3231D94BA00BF4D45 /* RestaurantDownloader.swift in Sources */ = {isa = PBXBuildFile; fileRef = A5B692D2231D94BA00BF4D45 /* RestaurantDownloader.swift */; };
		A5D952DF231E4B90000FADA0 /* ImageDownloader.swift in Sources */ = {isa = PBXBuildFile; fileRef = A5D952DE231E4B90000FADA0 /* ImageDownloader.swift */; };
		A5D952E2231E50CF000FADA0 /* RestaurantsDataController.swift in Sources */ = {isa = PBXBuildFile; fileRef = A5D952E1231E50CF000FADA0 /* RestaurantsDataController.swift */; };
		A5D952E4231E5A3C000FADA0 /* StatusView.swift in Sources */ = {isa = PBXBuildFile; fileRef = A5D952E3231E5A3C000FADA0 /* StatusView.swift */; };
		A5D952E6231E5B9A000FADA0 /* StatusView.xib in Resources */ = {isa = PBXBuildFile; fileRef = A5D952E5231E5B9A000FADA0 /* StatusView.xib */; };
		A5D952E8231E6514000FADA0 /* RestaurantCollectionCell.swift in Sources */ = {isa = PBXBuildFile; fileRef = A5D952E7231E6514000FADA0 /* RestaurantCollectionCell.swift */; };
		A5D952EA231E7FD7000FADA0 /* RestaurantDetailViewController.swift in Sources */ = {isa = PBXBuildFile; fileRef = A5D952E9231E7FD7000FADA0 /* RestaurantDetailViewController.swift */; };
/* End PBXBuildFile section */

/* Begin PBXFileReference section */
		A5B692AC231D558F00BF4D45 /* TestRestaurantApp.app */ = {isa = PBXFileReference; explicitFileType = wrapper.application; includeInIndex = 0; path = TestRestaurantApp.app; sourceTree = BUILT_PRODUCTS_DIR; };
		A5B692AF231D558F00BF4D45 /* AppDelegate.swift */ = {isa = PBXFileReference; lastKnownFileType = sourcecode.swift; path = AppDelegate.swift; sourceTree = "<group>"; };
		A5B692B1231D558F00BF4D45 /* RestaurantsListViewController.swift */ = {isa = PBXFileReference; lastKnownFileType = sourcecode.swift; path = RestaurantsListViewController.swift; sourceTree = "<group>"; };
		A5B692B4231D558F00BF4D45 /* Base */ = {isa = PBXFileReference; lastKnownFileType = file.storyboard; name = Base; path = Base.lproj/Main.storyboard; sourceTree = "<group>"; };
		A5B692B6231D559200BF4D45 /* Assets.xcassets */ = {isa = PBXFileReference; lastKnownFileType = folder.assetcatalog; path = Assets.xcassets; sourceTree = "<group>"; };
		A5B692B9231D559200BF4D45 /* Base */ = {isa = PBXFileReference; lastKnownFileType = file.storyboard; name = Base; path = Base.lproj/LaunchScreen.storyboard; sourceTree = "<group>"; };
		A5B692BB231D559200BF4D45 /* Info.plist */ = {isa = PBXFileReference; lastKnownFileType = text.plist.xml; path = Info.plist; sourceTree = "<group>"; };
		A5B692C8231D5A8C00BF4D45 /* RestaurantCellView.xib */ = {isa = PBXFileReference; lastKnownFileType = file.xib; path = RestaurantCellView.xib; sourceTree = "<group>"; };
		A5B692CA231D5CE500BF4D45 /* RestaurantCellView.swift */ = {isa = PBXFileReference; lastKnownFileType = sourcecode.swift; path = RestaurantCellView.swift; sourceTree = "<group>"; };
		A5B692CC231D6C9500BF4D45 /* RestaurantModel.swift */ = {isa = PBXFileReference; lastKnownFileType = sourcecode.swift; path = RestaurantModel.swift; sourceTree = "<group>"; };
		A5B692CE231D6CAD00BF4D45 /* Default-568h@2x.png */ = {isa = PBXFileReference; lastKnownFileType = image.png; path = "Default-568h@2x.png"; sourceTree = "<group>"; };
		A5B692D0231D939E00BF4D45 /* FailableDecodable.swift */ = {isa = PBXFileReference; lastKnownFileType = sourcecode.swift; path = FailableDecodable.swift; sourceTree = "<group>"; };
		A5B692D2231D94BA00BF4D45 /* RestaurantDownloader.swift */ = {isa = PBXFileReference; lastKnownFileType = sourcecode.swift; path = RestaurantDownloader.swift; sourceTree = "<group>"; };
		A5D952DE231E4B90000FADA0 /* ImageDownloader.swift */ = {isa = PBXFileReference; lastKnownFileType = sourcecode.swift; path = ImageDownloader.swift; sourceTree = "<group>"; };
		A5D952E1231E50CF000FADA0 /* RestaurantsDataController.swift */ = {isa = PBXFileReference; lastKnownFileType = sourcecode.swift; path = RestaurantsDataController.swift; sourceTree = "<group>"; };
		A5D952E3231E5A3C000FADA0 /* StatusView.swift */ = {isa = PBXFileReference; lastKnownFileType = sourcecode.swift; path = StatusView.swift; sourceTree = "<group>"; };
		A5D952E5231E5B9A000FADA0 /* StatusView.xib */ = {isa = PBXFileReference; lastKnownFileType = file.xib; path = StatusView.xib; sourceTree = "<group>"; };
		A5D952E7231E6514000FADA0 /* RestaurantCollectionCell.swift */ = {isa = PBXFileReference; lastKnownFileType = sourcecode.swift; path = RestaurantCollectionCell.swift; sourceTree = "<group>"; };
		A5D952E9231E7FD7000FADA0 /* RestaurantDetailViewController.swift */ = {isa = PBXFileReference; lastKnownFileType = sourcecode.swift; path = RestaurantDetailViewController.swift; sourceTree = "<group>"; };
/* End PBXFileReference section */

/* Begin PBXFrameworksBuildPhase section */
		A5B692A9231D558F00BF4D45 /* Frameworks */ = {
			isa = PBXFrameworksBuildPhase;
			buildActionMask = 2147483647;
			files = (
			);
			runOnlyForDeploymentPostprocessing = 0;
		};
/* End PBXFrameworksBuildPhase section */

/* Begin PBXGroup section */
		A5B692A3231D558F00BF4D45 = {
			isa = PBXGroup;
			children = (
				A5B692AE231D558F00BF4D45 /* TestRestaurantApp */,
				A5B692AD231D558F00BF4D45 /* Products */,
			);
			sourceTree = "<group>";
		};
		A5B692AD231D558F00BF4D45 /* Products */ = {
			isa = PBXGroup;
			children = (
				A5B692AC231D558F00BF4D45 /* TestRestaurantApp.app */,
			);
			name = Products;
			sourceTree = "<group>";
		};
		A5B692AE231D558F00BF4D45 /* TestRestaurantApp */ = {
			isa = PBXGroup;
			children = (
				A5D952E0231E50B6000FADA0 /* Data Controllers */,
				A5D952DD231E4B7F000FADA0 /* Tools */,
				A5B692C6231D588C00BF4D45 /* Models */,
				A5B692C7231D589C00BF4D45 /* Views */,
				A5B692C4231D562500BF4D45 /* View Controllers */,
				A5B692C2231D560400BF4D45 /* UI */,
				A5B692C3231D561800BF4D45 /* Resources */,
				A5B692C1231D55E600BF4D45 /* Application */,
			);
			path = TestRestaurantApp;
			sourceTree = "<group>";
		};
		A5B692C1231D55E600BF4D45 /* Application */ = {
			isa = PBXGroup;
			children = (
				A5B692AF231D558F00BF4D45 /* AppDelegate.swift */,
				A5B692BB231D559200BF4D45 /* Info.plist */,
			);
			path = Application;
			sourceTree = "<group>";
		};
		A5B692C2231D560400BF4D45 /* UI */ = {
			isa = PBXGroup;
			children = (
				A5B692B3231D558F00BF4D45 /* Main.storyboard */,
				A5B692B8231D559200BF4D45 /* LaunchScreen.storyboard */,
				A5B692C8231D5A8C00BF4D45 /* RestaurantCellView.xib */,
				A5D952E5231E5B9A000FADA0 /* StatusView.xib */,
			);
			path = UI;
			sourceTree = "<group>";
		};
		A5B692C3231D561800BF4D45 /* Resources */ = {
			isa = PBXGroup;
			children = (
				A5B692B6231D559200BF4D45 /* Assets.xcassets */,
				A5B692CE231D6CAD00BF4D45 /* Default-568h@2x.png */,
			);
			path = Resources;
			sourceTree = "<group>";
		};
		A5B692C4231D562500BF4D45 /* View Controllers */ = {
			isa = PBXGroup;
			children = (
				A5B692B1231D558F00BF4D45 /* RestaurantsListViewController.swift */,
				A5D952E9231E7FD7000FADA0 /* RestaurantDetailViewController.swift */,
			);
			path = "View Controllers";
			sourceTree = "<group>";
		};
		A5B692C6231D588C00BF4D45 /* Models */ = {
			isa = PBXGroup;
			children = (
				A5B692CC231D6C9500BF4D45 /* RestaurantModel.swift */,
				A5B692D0231D939E00BF4D45 /* FailableDecodable.swift */,
				A5B692D2231D94BA00BF4D45 /* RestaurantDownloader.swift */,
			);
			path = Models;
			sourceTree = "<group>";
		};
		A5B692C7231D589C00BF4D45 /* Views */ = {
			isa = PBXGroup;
			children = (
				A5B692CA231D5CE500BF4D45 /* RestaurantCellView.swift */,
				A5D952E3231E5A3C000FADA0 /* StatusView.swift */,
				A5D952E7231E6514000FADA0 /* RestaurantCollectionCell.swift */,
			);
			path = Views;
			sourceTree = "<group>";
		};
		A5D952DD231E4B7F000FADA0 /* Tools */ = {
			isa = PBXGroup;
			children = (
				A5D952DE231E4B90000FADA0 /* ImageDownloader.swift */,
			);
			path = Tools;
			sourceTree = "<group>";
		};
		A5D952E0231E50B6000FADA0 /* Data Controllers */ = {
			isa = PBXGroup;
			children = (
				A5D952E1231E50CF000FADA0 /* RestaurantsDataController.swift */,
			);
			path = "Data Controllers";
			sourceTree = "<group>";
		};
/* End PBXGroup section */

/* Begin PBXNativeTarget section */
		A5B692AB231D558F00BF4D45 /* TestRestaurantApp */ = {
			isa = PBXNativeTarget;
			buildConfigurationList = A5B692BE231D559200BF4D45 /* Build configuration list for PBXNativeTarget "TestRestaurantApp" */;
			buildPhases = (
				A5B692A8231D558F00BF4D45 /* Sources */,
				A5B692A9231D558F00BF4D45 /* Frameworks */,
				A5B692AA231D558F00BF4D45 /* Resources */,
			);
			buildRules = (
			);
			dependencies = (
			);
			name = TestRestaurantApp;
			productName = TestRestaurantApp;
			productReference = A5B692AC231D558F00BF4D45 /* TestRestaurantApp.app */;
			productType = "com.apple.product-type.application";
		};
/* End PBXNativeTarget section */

/* Begin PBXProject section */
		A5B692A4231D558F00BF4D45 /* Project object */ = {
			isa = PBXProject;
			attributes = {
				LastSwiftUpdateCheck = 1030;
				LastUpgradeCheck = 1030;
				ORGANIZATIONNAME = NLab;
				TargetAttributes = {
					A5B692AB231D558F00BF4D45 = {
						CreatedOnToolsVersion = 10.3;
					};
				};
			};
			buildConfigurationList = A5B692A7231D558F00BF4D45 /* Build configuration list for PBXProject "TestRestaurantApp" */;
			compatibilityVersion = "Xcode 9.3";
			developmentRegion = en;
			hasScannedForEncodings = 0;
			knownRegions = (
				en,
				Base,
			);
			mainGroup = A5B692A3231D558F00BF4D45;
			productRefGroup = A5B692AD231D558F00BF4D45 /* Products */;
			projectDirPath = "";
			projectRoot = "";
			targets = (
				A5B692AB231D558F00BF4D45 /* TestRestaurantApp */,
			);
		};
/* End PBXProject section */

/* Begin PBXResourcesBuildPhase section */
		A5B692AA231D558F00BF4D45 /* Resources */ = {
			isa = PBXResourcesBuildPhase;
			buildActionMask = 2147483647;
			files = (
				A5D952E6231E5B9A000FADA0 /* StatusView.xib in Resources */,
				A5B692BA231D559200BF4D45 /* LaunchScreen.storyboard in Resources */,
				A5B692C9231D5A8C00BF4D45 /* RestaurantCellView.xib in Resources */,
				A5B692B7231D559200BF4D45 /* Assets.xcassets in Resources */,
				A5B692CF231D6CAD00BF4D45 /* Default-568h@2x.png in Resources */,
				A5B692B5231D558F00BF4D45 /* Main.storyboard in Resources */,
			);
			runOnlyForDeploymentPostprocessing = 0;
		};
/* End PBXResourcesBuildPhase section */

/* Begin PBXSourcesBuildPhase section */
		A5B692A8231D558F00BF4D45 /* Sources */ = {
			isa = PBXSourcesBuildPhase;
			buildActionMask = 2147483647;
			files = (
				A5B692CB231D5CE500BF4D45 /* RestaurantCellView.swift in Sources */,
				A5B692B2231D558F00BF4D45 /* RestaurantsListViewController.swift in Sources */,
				A5D952E4231E5A3C000FADA0 /* StatusView.swift in Sources */,
				A5D952E8231E6514000FADA0 /* RestaurantCollectionCell.swift in Sources */,
				A5D952DF231E4B90000FADA0 /* ImageDownloader.swift in Sources */,
				A5B692CD231D6C9500BF4D45 /* RestaurantModel.swift in Sources */,
				A5D952EA231E7FD7000FADA0 /* RestaurantDetailViewController.swift in Sources */,
				A5D952E2231E50CF000FADA0 /* RestaurantsDataController.swift in Sources */,
				A5B692B0231D558F00BF4D45 /* AppDelegate.swift in Sources */,
				A5B692D1231D939E00BF4D45 /* FailableDecodable.swift in Sources */,
				A5B692D3231D94BA00BF4D45 /* RestaurantDownloader.swift in Sources */,
			);
			runOnlyForDeploymentPostprocessing = 0;
		};
/* End PBXSourcesBuildPhase section */

/* Begin PBXVariantGroup section */
		A5B692B3231D558F00BF4D45 /* Main.storyboard */ = {
			isa = PBXVariantGroup;
			children = (
				A5B692B4231D558F00BF4D45 /* Base */,
			);
			name = Main.storyboard;
			sourceTree = "<group>";
		};
		A5B692B8231D559200BF4D45 /* LaunchScreen.storyboard */ = {
			isa = PBXVariantGroup;
			children = (
				A5B692B9231D559200BF4D45 /* Base */,
			);
			name = LaunchScreen.storyboard;
			sourceTree = "<group>";
		};
/* End PBXVariantGroup section */

/* Begin XCBuildConfiguration section */
		A5B692BC231D559200BF4D45 /* Debug */ = {
			isa = XCBuildConfiguration;
			buildSettings = {
				ALWAYS_SEARCH_USER_PATHS = NO;
				CLANG_ANALYZER_NONNULL = YES;
				CLANG_ANALYZER_NUMBER_OBJECT_CONVERSION = YES_AGGRESSIVE;
				CLANG_CXX_LANGUAGE_STANDARD = "gnu++14";
				CLANG_CXX_LIBRARY = "libc++";
				CLANG_ENABLE_MODULES = YES;
				CLANG_ENABLE_OBJC_ARC = YES;
				CLANG_ENABLE_OBJC_WEAK = YES;
				CLANG_WARN_BLOCK_CAPTURE_AUTORELEASING = YES;
				CLANG_WARN_BOOL_CONVERSION = YES;
				CLANG_WARN_COMMA = YES;
				CLANG_WARN_CONSTANT_CONVERSION = YES;
				CLANG_WARN_DEPRECATED_OBJC_IMPLEMENTATIONS = YES;
				CLANG_WARN_DIRECT_OBJC_ISA_USAGE = YES_ERROR;
				CLANG_WARN_DOCUMENTATION_COMMENTS = YES;
				CLANG_WARN_EMPTY_BODY = YES;
				CLANG_WARN_ENUM_CONVERSION = YES;
				CLANG_WARN_INFINITE_RECURSION = YES;
				CLANG_WARN_INT_CONVERSION = YES;
				CLANG_WARN_NON_LITERAL_NULL_CONVERSION = YES;
				CLANG_WARN_OBJC_IMPLICIT_RETAIN_SELF = YES;
				CLANG_WARN_OBJC_LITERAL_CONVERSION = YES;
				CLANG_WARN_OBJC_ROOT_CLASS = YES_ERROR;
				CLANG_WARN_RANGE_LOOP_ANALYSIS = YES;
				CLANG_WARN_STRICT_PROTOTYPES = YES;
				CLANG_WARN_SUSPICIOUS_MOVE = YES;
				CLANG_WARN_UNGUARDED_AVAILABILITY = YES_AGGRESSIVE;
				CLANG_WARN_UNREACHABLE_CODE = YES;
				CLANG_WARN__DUPLICATE_METHOD_MATCH = YES;
				CODE_SIGN_IDENTITY = "iPhone Developer";
				COPY_PHASE_STRIP = NO;
				DEBUG_INFORMATION_FORMAT = dwarf;
				ENABLE_STRICT_OBJC_MSGSEND = YES;
				ENABLE_TESTABILITY = YES;
				GCC_C_LANGUAGE_STANDARD = gnu11;
				GCC_DYNAMIC_NO_PIC = NO;
				GCC_NO_COMMON_BLOCKS = YES;
				GCC_OPTIMIZATION_LEVEL = 0;
				GCC_PREPROCESSOR_DEFINITIONS = (
					"DEBUG=1",
					"$(inherited)",
				);
				GCC_WARN_64_TO_32_BIT_CONVERSION = YES;
				GCC_WARN_ABOUT_RETURN_TYPE = YES_ERROR;
				GCC_WARN_UNDECLARED_SELECTOR = YES;
				GCC_WARN_UNINITIALIZED_AUTOS = YES_AGGRESSIVE;
				GCC_WARN_UNUSED_FUNCTION = YES;
				GCC_WARN_UNUSED_VARIABLE = YES;
				IPHONEOS_DEPLOYMENT_TARGET = 12.4;
				MTL_ENABLE_DEBUG_INFO = INCLUDE_SOURCE;
				MTL_FAST_MATH = YES;
				ONLY_ACTIVE_ARCH = YES;
				SDKROOT = iphoneos;
				SWIFT_ACTIVE_COMPILATION_CONDITIONS = DEBUG;
				SWIFT_OPTIMIZATION_LEVEL = "-Onone";
			};
			name = Debug;
		};
		A5B692BD231D559200BF4D45 /* Release */ = {
			isa = XCBuildConfiguration;
			buildSettings = {
				ALWAYS_SEARCH_USER_PATHS = NO;
				CLANG_ANALYZER_NONNULL = YES;
				CLANG_ANALYZER_NUMBER_OBJECT_CONVERSION = YES_AGGRESSIVE;
				CLANG_CXX_LANGUAGE_STANDARD = "gnu++14";
				CLANG_CXX_LIBRARY = "libc++";
				CLANG_ENABLE_MODULES = YES;
				CLANG_ENABLE_OBJC_ARC = YES;
				CLANG_ENABLE_OBJC_WEAK = YES;
				CLANG_WARN_BLOCK_CAPTURE_AUTORELEASING = YES;
				CLANG_WARN_BOOL_CONVERSION = YES;
				CLANG_WARN_COMMA = YES;
				CLANG_WARN_CONSTANT_CONVERSION = YES;
				CLANG_WARN_DEPRECATED_OBJC_IMPLEMENTATIONS = YES;
				CLANG_WARN_DIRECT_OBJC_ISA_USAGE = YES_ERROR;
				CLANG_WARN_DOCUMENTATION_COMMENTS = YES;
				CLANG_WARN_EMPTY_BODY = YES;
				CLANG_WARN_ENUM_CONVERSION = YES;
				CLANG_WARN_INFINITE_RECURSION = YES;
				CLANG_WARN_INT_CONVERSION = YES;
				CLANG_WARN_NON_LITERAL_NULL_CONVERSION = YES;
				CLANG_WARN_OBJC_IMPLICIT_RETAIN_SELF = YES;
				CLANG_WARN_OBJC_LITERAL_CONVERSION = YES;
				CLANG_WARN_OBJC_ROOT_CLASS = YES_ERROR;
				CLANG_WARN_RANGE_LOOP_ANALYSIS = YES;
				CLANG_WARN_STRICT_PROTOTYPES = YES;
				CLANG_WARN_SUSPICIOUS_MOVE = YES;
				CLANG_WARN_UNGUARDED_AVAILABILITY = YES_AGGRESSIVE;
				CLANG_WARN_UNREACHABLE_CODE = YES;
				CLANG_WARN__DUPLICATE_METHOD_MATCH = YES;
				CODE_SIGN_IDENTITY = "iPhone Developer";
				COPY_PHASE_STRIP = NO;
				DEBUG_INFORMATION_FORMAT = "dwarf-with-dsym";
				ENABLE_NS_ASSERTIONS = NO;
				ENABLE_STRICT_OBJC_MSGSEND = YES;
				GCC_C_LANGUAGE_STANDARD = gnu11;
				GCC_NO_COMMON_BLOCKS = YES;
				GCC_WARN_64_TO_32_BIT_CONVERSION = YES;
				GCC_WARN_ABOUT_RETURN_TYPE = YES_ERROR;
				GCC_WARN_UNDECLARED_SELECTOR = YES;
				GCC_WARN_UNINITIALIZED_AUTOS = YES_AGGRESSIVE;
				GCC_WARN_UNUSED_FUNCTION = YES;
				GCC_WARN_UNUSED_VARIABLE = YES;
				IPHONEOS_DEPLOYMENT_TARGET = 12.4;
				MTL_ENABLE_DEBUG_INFO = NO;
				MTL_FAST_MATH = YES;
				SDKROOT = iphoneos;
				SWIFT_COMPILATION_MODE = wholemodule;
				SWIFT_OPTIMIZATION_LEVEL = "-O";
				VALIDATE_PRODUCT = YES;
			};
			name = Release;
		};
		A5B692BF231D559200BF4D45 /* Debug */ = {
			isa = XCBuildConfiguration;
			buildSettings = {
				ASSETCATALOG_COMPILER_APPICON_NAME = AppIcon;
				CODE_SIGN_STYLE = Automatic;
				DEVELOPMENT_TEAM = Y2X6C6J4H2;
				INFOPLIST_FILE = TestRestaurantApp/Application/Info.plist;
				IPHONEOS_DEPLOYMENT_TARGET = 9.0;
				LD_RUNPATH_SEARCH_PATHS = (
					"$(inherited)",
					"@executable_path/Frameworks",
				);
				PRODUCT_BUNDLE_IDENTIFIER = com.NLab.TestRestaurantApp;
				PRODUCT_NAME = "$(TARGET_NAME)";
				SWIFT_VERSION = 5.0;
				TARGETED_DEVICE_FAMILY = 1;
			};
			name = Debug;
		};
		A5B692C0231D559200BF4D45 /* Release */ = {
			isa = XCBuildConfiguration;
			buildSettings = {
				ASSETCATALOG_COMPILER_APPICON_NAME = AppIcon;
				CODE_SIGN_STYLE = Automatic;
				DEVELOPMENT_TEAM = Y2X6C6J4H2;
				INFOPLIST_FILE = TestRestaurantApp/Application/Info.plist;
				IPHONEOS_DEPLOYMENT_TARGET = 9.0;
				LD_RUNPATH_SEARCH_PATHS = (
					"$(inherited)",
					"@executable_path/Frameworks",
				);
				PRODUCT_BUNDLE_IDENTIFIER = com.NLab.TestRestaurantApp;
				PRODUCT_NAME = "$(TARGET_NAME)";
				SWIFT_VERSION = 5.0;
				TARGETED_DEVICE_FAMILY = 1;
			};
			name = Release;
		};
/* End XCBuildConfiguration section */

/* Begin XCConfigurationList section */
		A5B692A7231D558F00BF4D45 /* Build configuration list for PBXProject "TestRestaurantApp" */ = {
			isa = XCConfigurationList;
			buildConfigurations = (
				A5B692BC231D559200BF4D45 /* Debug */,
				A5B692BD231D559200BF4D45 /* Release */,
			);
			defaultConfigurationIsVisible = 0;
			defaultConfigurationName = Release;
		};
		A5B692BE231D559200BF4D45 /* Build configuration list for PBXNativeTarget "TestRestaurantApp" */ = {
			isa = XCConfigurationList;
			buildConfigurations = (
				A5B692BF231D559200BF4D45 /* Debug */,
				A5B692C0231D559200BF4D45 /* Release */,
			);
			defaultConfigurationIsVisible = 0;
			defaultConfigurationName = Release;
		};
/* End XCConfigurationList section */
	};
	rootObject = A5B692A4231D558F00BF4D45 /* Project object */;
}
